PODS:
  - GoogleMaps (2.2.0):
    - GoogleMaps/Maps (= 2.2.0)
  - GoogleMaps/Base (2.2.0)
  - GoogleMaps/Maps (2.2.0):
    - GoogleMaps/Base
  - GooglePlaces (2.2.0):
    - GoogleMaps/Base (= 2.2.0)
  - Simplicity (2.0.1)

DEPENDENCIES:
  - GoogleMaps
  - GooglePlaces
  - Simplicity

SPEC CHECKSUMS:
  GoogleMaps: 104c418d61ab8a05dff06ed0784c25ea9d37da45
  GooglePlaces: bca867d5e9da15384c794b945e4226848bc6e9d9
  Simplicity: 58ce0c6569baf45e48ccd25432274ae899097517

PODFILE CHECKSUM: 23ec4ec32a5ac4189ce7b6e9788493f4dbdb3f37

COCOAPODS: 1.2.0
